
Microsoft Visual Studio Solution File, Format Version 12.00
# Visual Studio Version 17
VisualStudioVersion = 17.7.34024.191
MinimumVisualStudioVersion = 10.0.40219.1
Project("{FAE04EC0-301F-11D3-BF4B-00C04F79EFBC}") = "Type Safety", "Type Safety\Type Safety.csproj", "{7D67E461-529E-4D6F-94F4-3B4865E3535C}"
EndProject
Global
	GlobalSection(SolutionConfigurationPlatforms) = preSolution
		Debug|Any CPU = Debug|Any CPU
		Release|Any CPU = Release|Any CPU
	EndGlobalSection
	GlobalSection(ProjectConfigurationPlatforms) = postSolution
		{7D67E461-529E-4D6F-94F4-3B4865E3535C}.Debug|Any CPU.ActiveCfg = Debug|Any CPU
		{7D67E461-529E-4D6F-94F4-3B4865E3535C}.Debug|Any CPU.Build.0 = Debug|Any CPU
		{7D67E461-529E-4D6F-94F4-3B4865E3535C}.Release|Any CPU.ActiveCfg = Release|Any CPU
		{7D67E461-529E-4D6F-94F4-3B4865E3535C}.Release|Any CPU.Build.0 = Release|Any CPU
	EndGlobalSection
	GlobalSection(SolutionProperties) = preSolution
		HideSolutionNode = FALSE
	EndGlobalSection
	GlobalSection(ExtensibilityGlobals) = postSolution
		SolutionGuid = {92668B8E-231B-43C8-97C4-72D6024CCF52}
	EndGlobalSection
EndGlobal
